// !$*UTF8*$!
{
	archiveVersion = 1;
	classes = {
	};
	objectVersion = 46;
	objects = {

/* Begin PBXBuildFile section */
		BF56966119832DC5008B6072 /* Foundation.framework in Frameworks */ = {isa = PBXBuildFile; fileRef = BF56966019832DC5008B6072 /* Foundation.framework */; };
		BF56966319832DC5008B6072 /* CoreGraphics.framework in Frameworks */ = {isa = PBXBuildFile; fileRef = BF56966219832DC5008B6072 /* CoreGraphics.framework */; };
		BF56966519832DC5008B6072 /* UIKit.framework in Frameworks */ = {isa = PBXBuildFile; fileRef = BF56966419832DC5008B6072 /* UIKit.framework */; };
		BF56966B19832DC5008B6072 /* InfoPlist.strings in Resources */ = {isa = PBXBuildFile; fileRef = BF56966919832DC5008B6072 /* InfoPlist.strings */; };
		BF56966D19832DC5008B6072 /* main.m in Sources */ = {isa = PBXBuildFile; fileRef = BF56966C19832DC5008B6072 /* main.m */; settings = {COMPILER_FLAGS = "-fno-objc-arc"; }; };
		BF56967119832DC5008B6072 /* AppDelegate.m in Sources */ = {isa = PBXBuildFile; fileRef = BF56967019832DC5008B6072 /* AppDelegate.m */; settings = {COMPILER_FLAGS = "-fno-objc-arc"; }; };
		BF56967419832DC5008B6072 /* Main.storyboard in Resources */ = {isa = PBXBuildFile; fileRef = BF56967219832DC5008B6072 /* Main.storyboard */; };
		BF56967719832DC5008B6072 /* ViewController.m in Sources */ = {isa = PBXBuildFile; fileRef = BF56967619832DC5008B6072 /* ViewController.m */; settings = {COMPILER_FLAGS = "-fno-objc-arc"; }; };
		BF56967919832DC5008B6072 /* Images.xcassets in Resources */ = {isa = PBXBuildFile; fileRef = BF56967819832DC5008B6072 /* Images.xcassets */; };
		BF56969619832DF1008B6072 /* 2.jpg in Resources */ = {isa = PBXBuildFile; fileRef = BF56969519832DF1008B6072 /* 2.jpg */; };
		BF56969A19832E1A008B6072 /* remove.png in Resources */ = {isa = PBXBuildFile; fileRef = BF56969919832E1A008B6072 /* remove.png */; };
		BF56969E19832E2D008B6072 /* Default.png in Resources */ = {isa = PBXBuildFile; fileRef = BF56969B19832E2D008B6072 /* Default.png */; };
		BF56969F19832E2D008B6072 /* Default@2x.png in Resources */ = {isa = PBXBuildFile; fileRef = BF56969C19832E2D008B6072 /* Default@2x.png */; };
		BF5696A019832E2D008B6072 /* Default-568h@2x.png in Resources */ = {isa = PBXBuildFile; fileRef = BF56969D19832E2D008B6072 /* Default-568h@2x.png */; };
		BF5696A41983300C008B6072 /* QuartzCore.framework in Frameworks */ = {isa = PBXBuildFile; fileRef = BF5696A31983300C008B6072 /* QuartzCore.framework */; };
/* End PBXBuildFile section */

/* Begin PBXFileReference section */
		BF56965D19832DC5008B6072 /* Big_Picture.app */ = {isa = PBXFileReference; explicitFileType = wrapper.application; includeInIndex = 0; path = Big_Picture.app; sourceTree = BUILT_PRODUCTS_DIR; };
		BF56966019832DC5008B6072 /* Foundation.framework */ = {isa = PBXFileReference; lastKnownFileType = wrapper.framework; name = Foundation.framework; path = System/Library/Frameworks/Foundation.framework; sourceTree = SDKROOT; };
		BF56966219832DC5008B6072 /* CoreGraphics.framework */ = {isa = PBXFileReference; lastKnownFileType = wrapper.framework; name = CoreGraphics.framework; path = System/Library/Frameworks/CoreGraphics.framework; sourceTree = SDKROOT; };
		BF56966419832DC5008B6072 /* UIKit.framework */ = {isa = PBXFileReference; lastKnownFileType = wrapper.framework; name = UIKit.framework; path = System/Library/Frameworks/UIKit.framework; sourceTree = SDKROOT; };
		BF56966819832DC5008B6072 /* Big_Picture-Info.plist */ = {isa = PBXFileReference; lastKnownFileType = text.plist.xml; path = "Big_Picture-Info.plist"; sourceTree = "<group>"; };
		BF56966A19832DC5008B6072 /* en */ = {isa = PBXFileReference; lastKnownFileType = text.plist.strings; name = en; path = en.lproj/InfoPlist.strings; sourceTree = "<group>"; };
		BF56966C19832DC5008B6072 /* main.m */ = {isa = PBXFileReference; lastKnownFileType = sourcecode.c.objc; path = main.m; sourceTree = "<group>"; };
		BF56966E19832DC5008B6072 /* Big_Picture-Prefix.pch */ = {isa = PBXFileReference; lastKnownFileType = sourcecode.c.h; path = "Big_Picture-Prefix.pch"; sourceTree = "<group>"; };
		BF56966F19832DC5008B6072 /* AppDelegate.h */ = {isa = PBXFileReference; lastKnownFileType = sourcecode.c.h; path = AppDelegate.h; sourceTree = "<group>"; };
		BF56967019832DC5008B6072 /* AppDelegate.m */ = {isa = PBXFileReference; lastKnownFileType = sourcecode.c.objc; path = AppDelegate.m; sourceTree = "<group>"; };
		BF56967319832DC5008B6072 /* Base */ = {isa = PBXFileReference; lastKnownFileType = file.storyboard; name = Base; path = Base.lproj/Main.storyboard; sourceTree = "<group>"; };
		BF56967519832DC5008B6072 /* ViewController.h */ = {isa = PBXFileReference; lastKnownFileType = sourcecode.c.h; path = ViewController.h; sourceTree = "<group>"; };
		BF56967619832DC5008B6072 /* ViewController.m */ = {isa = PBXFileReference; lastKnownFileType = sourcecode.c.objc; path = ViewController.m; sourceTree = "<group>"; };
		BF56967819832DC5008B6072 /* Images.xcassets */ = {isa = PBXFileReference; lastKnownFileType = folder.assetcatalog; path = Images.xcassets; sourceTree = "<group>"; };
		BF56968719832DC5008B6072 /* Big_PictureTests-Info.plist */ = {isa = PBXFileReference; lastKnownFileType = text.plist.xml; path = "Big_PictureTests-Info.plist"; sourceTree = "<group>"; };
		BF56968919832DC5008B6072 /* en */ = {isa = PBXFileReference; lastKnownFileType = text.plist.strings; name = en; path = en.lproj/InfoPlist.strings; sourceTree = "<group>"; };
		BF56968B19832DC5008B6072 /* Big_PictureTests.m */ = {isa = PBXFileReference; lastKnownFileType = sourcecode.c.objc; path = Big_PictureTests.m; sourceTree = "<group>"; };
		BF56969519832DF1008B6072 /* 2.jpg */ = {isa = PBXFileReference; lastKnownFileType = image.jpeg; name = 2.jpg; path = ../../../Documents/2.jpg; sourceTree = "<group>"; };
		BF56969919832E1A008B6072 /* remove.png */ = {isa = PBXFileReference; lastKnownFileType = image.png; name = remove.png; path = ../../BigPicture/BigPicture/remove.png; sourceTree = "<group>"; };
		BF56969B19832E2D008B6072 /* Default.png */ = {isa = PBXFileReference; lastKnownFileType = image.png; name = Default.png; path = ../../BigPicture/BigPicture/Default.png; sourceTree = "<group>"; };
		BF56969C19832E2D008B6072 /* Default@2x.png */ = {isa = PBXFileReference; lastKnownFileType = image.png; name = "Default@2x.png"; path = "../../BigPicture/BigPicture/Default@2x.png"; sourceTree = "<group>"; };
		BF56969D19832E2D008B6072 /* Default-568h@2x.png */ = {isa = PBXFileReference; lastKnownFileType = image.png; name = "Default-568h@2x.png"; path = "../../BigPicture/BigPicture/Default-568h@2x.png"; sourceTree = "<group>"; };
		BF5696A31983300C008B6072 /* QuartzCore.framework */ = {isa = PBXFileReference; lastKnownFileType = wrapper.framework; name = QuartzCore.framework; path = System/Library/Frameworks/QuartzCore.framework; sourceTree = SDKROOT; };
/* End PBXFileReference section */

/* Begin PBXFrameworksBuildPhase section */
		BF56965A19832DC5008B6072 /* Frameworks */ = {
			isa = PBXFrameworksBuildPhase;
			buildActionMask = 2147483647;
			files = (
				BF5696A41983300C008B6072 /* QuartzCore.framework in Frameworks */,
				BF56966319832DC5008B6072 /* CoreGraphics.framework in Frameworks */,
				BF56966519832DC5008B6072 /* UIKit.framework in Frameworks */,
				BF56966119832DC5008B6072 /* Foundation.framework in Frameworks */,
			);
			runOnlyForDeploymentPostprocessing = 0;
		};
/* End PBXFrameworksBuildPhase section */

/* Begin PBXGroup section */
		BF56965419832DC5008B6072 = {
			isa = PBXGroup;
			children = (
				BF56966619832DC5008B6072 /* Big_Picture */,
				BF56968519832DC5008B6072 /* Big_PictureTests */,
				BF56965F19832DC5008B6072 /* Frameworks */,
				BF56965E19832DC5008B6072 /* Products */,
			);
			sourceTree = "<group>";
		};
		BF56965E19832DC5008B6072 /* Products */ = {
			isa = PBXGroup;
			children = (
				BF56965D19832DC5008B6072 /* Big_Picture.app */,
			);
			name = Products;
			sourceTree = "<group>";
		};
		BF56965F19832DC5008B6072 /* Frameworks */ = {
			isa = PBXGroup;
			children = (
				BF5696A31983300C008B6072 /* QuartzCore.framework */,
				BF56966019832DC5008B6072 /* Foundation.framework */,
				BF56966219832DC5008B6072 /* CoreGraphics.framework */,
				BF56966419832DC5008B6072 /* UIKit.framework */,
			);
			name = Frameworks;
			sourceTree = "<group>";
		};
		BF56966619832DC5008B6072 /* Big_Picture */ = {
			isa = PBXGroup;
			children = (
				BF56969919832E1A008B6072 /* remove.png */,
				BF56969519832DF1008B6072 /* 2.jpg */,
				BF56966F19832DC5008B6072 /* AppDelegate.h */,
				BF56967019832DC5008B6072 /* AppDelegate.m */,
				BF56967219832DC5008B6072 /* Main.storyboard */,
				BF56967519832DC5008B6072 /* ViewController.h */,
				BF56967619832DC5008B6072 /* ViewController.m */,
				BF56967819832DC5008B6072 /* Images.xcassets */,
				BF56966719832DC5008B6072 /* Supporting Files */,
			);
			path = Big_Picture;
			sourceTree = "<group>";
		};
		BF56966719832DC5008B6072 /* Supporting Files */ = {
			isa = PBXGroup;
			children = (
				BF56966819832DC5008B6072 /* Big_Picture-Info.plist */,
				BF56969B19832E2D008B6072 /* Default.png */,
				BF56969C19832E2D008B6072 /* Default@2x.png */,
				BF56969D19832E2D008B6072 /* Default-568h@2x.png */,
				BF56966919832DC5008B6072 /* InfoPlist.strings */,
				BF56966C19832DC5008B6072 /* main.m */,
				BF56966E19832DC5008B6072 /* Big_Picture-Prefix.pch */,
			);
			name = "Supporting Files";
			sourceTree = "<group>";
		};
		BF56968519832DC5008B6072 /* Big_PictureTests */ = {
			isa = PBXGroup;
			children = (
				BF56968B19832DC5008B6072 /* Big_PictureTests.m */,
				BF56968619832DC5008B6072 /* Supporting Files */,
			);
			path = Big_PictureTests;
			sourceTree = "<group>";
		};
		BF56968619832DC5008B6072 /* Supporting Files */ = {
			isa = PBXGroup;
			children = (
				BF56968719832DC5008B6072 /* Big_PictureTests-Info.plist */,
				BF56968819832DC5008B6072 /* InfoPlist.strings */,
			);
			name = "Supporting Files";
			sourceTree = "<group>";
		};
/* End PBXGroup section */

/* Begin PBXNativeTarget section */
		BF56965C19832DC5008B6072 /* Big_Picture */ = {
			isa = PBXNativeTarget;
			buildConfigurationList = BF56968F19832DC5008B6072 /* Build configuration list for PBXNativeTarget "Big_Picture" */;
			buildPhases = (
				BF56965919832DC5008B6072 /* Sources */,
				BF56965A19832DC5008B6072 /* Frameworks */,
				BF56965B19832DC5008B6072 /* Resources */,
			);
			buildRules = (
			);
			dependencies = (
			);
			name = Big_Picture;
			productName = Big_Picture;
			productReference = BF56965D19832DC5008B6072 /* Big_Picture.app */;
			productType = "com.apple.product-type.application";
		};
/* End PBXNativeTarget section */

/* Begin PBXProject section */
		BF56965519832DC5008B6072 /* Project object */ = {
			isa = PBXProject;
			attributes = {
				LastUpgradeCheck = 0510;
				ORGANIZATIONNAME = "Group A of IPCT, Lambton College";
			};
			buildConfigurationList = BF56965819832DC5008B6072 /* Build configuration list for PBXProject "Big_Picture" */;
			compatibilityVersion = "Xcode 3.2";
			developmentRegion = English;
			hasScannedForEncodings = 0;
			knownRegions = (
				en,
				Base,
			);
			mainGroup = BF56965419832DC5008B6072;
			productRefGroup = BF56965E19832DC5008B6072 /* Products */;
			projectDirPath = "";
			projectRoot = "";
			targets = (
				BF56965C19832DC5008B6072 /* Big_Picture */,
			);
		};
/* End PBXProject section */

/* Begin PBXResourcesBuildPhase section */
		BF56965B19832DC5008B6072 /* Resources */ = {
			isa = PBXResourcesBuildPhase;
			buildActionMask = 2147483647;
			files = (
				BF56967919832DC5008B6072 /* Images.xcassets in Resources */,
				BF56969E19832E2D008B6072 /* Default.png in Resources */,
				BF56966B19832DC5008B6072 /* InfoPlist.strings in Resources */,
				BF56969619832DF1008B6072 /* 2.jpg in Resources */,
				BF56967419832DC5008B6072 /* Main.storyboard in Resources */,
				BF5696A019832E2D008B6072 /* Default-568h@2x.png in Resources */,
				BF56969F19832E2D008B6072 /* Default@2x.png in Resources */,
				BF56969A19832E1A008B6072 /* remove.png in Resources */,
			);
			runOnlyForDeploymentPostprocessing = 0;
		};
/* End PBXResourcesBuildPhase section */

/* Begin PBXSourcesBuildPhase section */
		BF56965919832DC5008B6072 /* Sources */ = {
			isa = PBXSourcesBuildPhase;
			buildActionMask = 2147483647;
			files = (
				BF56967719832DC5008B6072 /* ViewController.m in Sources */,
				BF56967119832DC5008B6072 /* AppDelegate.m in Sources */,
				BF56966D19832DC5008B6072 /* main.m in Sources */,
			);
			runOnlyForDeploymentPostprocessing = 0;
		};
/* End PBXSourcesBuildPhase section */

/* Begin PBXVariantGroup section */
		BF56966919832DC5008B6072 /* InfoPlist.strings */ = {
			isa = PBXVariantGroup;
			children = (
				BF56966A19832DC5008B6072 /* en */,
			);
			name = InfoPlist.strings;
			sourceTree = "<group>";
		};
		BF56967219832DC5008B6072 /* Main.storyboard */ = {
			isa = PBXVariantGroup;
			children = (
				BF56967319832DC5008B6072 /* Base */,
			);
			name = Main.storyboard;
			sourceTree = "<group>";
		};
		BF56968819832DC5008B6072 /* InfoPlist.strings */ = {
			isa = PBXVariantGroup;
			children = (
				BF56968919832DC5008B6072 /* en */,
			);
			name = InfoPlist.strings;
			sourceTree = "<group>";
		};
/* End PBXVariantGroup section */

/* Begin XCBuildConfiguration section */
		BF56968D19832DC5008B6072 /* Debug */ = {
			isa = XCBuildConfiguration;
			buildSettings = {
				ALWAYS_SEARCH_USER_PATHS = NO;
				CLANG_CXX_LANGUAGE_STANDARD = "gnu++0x";
				CLANG_CXX_LIBRARY = "libc++";
				CLANG_ENABLE_MODULES = YES;
				CLANG_ENABLE_OBJC_ARC = YES;
				CLANG_WARN_BOOL_CONVERSION = YES;
				CLANG_WARN_CONSTANT_CONVERSION = YES;
				CLANG_WARN_DIRECT_OBJC_ISA_USAGE = YES_ERROR;
				CLANG_WARN_EMPTY_BODY = YES;
				CLANG_WARN_ENUM_CONVERSION = YES;
				CLANG_WARN_INT_CONVERSION = YES;
				CLANG_WARN_OBJC_ROOT_CLASS = YES_ERROR;
				CLANG_WARN__DUPLICATE_METHOD_MATCH = YES;
				"CODE_SIGN_IDENTITY[sdk=iphoneos*]" = "iPhone Developer";
				COPY_PHASE_STRIP = NO;
				GCC_C_LANGUAGE_STANDARD = gnu99;
				GCC_DYNAMIC_NO_PIC = NO;
				GCC_OPTIMIZATION_LEVEL = 0;
				GCC_PREPROCESSOR_DEFINITIONS = (
					"DEBUG=1",
					"$(inherited)",
				);
				GCC_SYMBOLS_PRIVATE_EXTERN = NO;
				GCC_WARN_64_TO_32_BIT_CONVERSION = YES;
				GCC_WARN_ABOUT_RETURN_TYPE = YES_ERROR;
				GCC_WARN_UNDECLARED_SELECTOR = YES;
				GCC_WARN_UNINITIALIZED_AUTOS = YES_AGGRESSIVE;
				GCC_WARN_UNUSED_FUNCTION = YES;
				GCC_WARN_UNUSED_VARIABLE = YES;
				IPHONEOS_DEPLOYMENT_TARGET = 7.1;
				ONLY_ACTIVE_ARCH = YES;
				SDKROOT = iphoneos;
			};
			name = Debug;
		};
		BF56968E19832DC5008B6072 /* Release */ = {
			isa = XCBuildConfiguration;
			buildSettings = {
				ALWAYS_SEARCH_USER_PATHS = NO;
				CLANG_CXX_LANGUAGE_STANDARD = "gnu++0x";
				CLANG_CXX_LIBRARY = "libc++";
				CLANG_ENABLE_MODULES = YES;
				CLANG_ENABLE_OBJC_ARC = YES;
				CLANG_WARN_BOOL_CONVERSION = YES;
				CLANG_WARN_CONSTANT_CONVERSION = YES;
				CLANG_WARN_DIRECT_OBJC_ISA_USAGE = YES_ERROR;
				CLANG_WARN_EMPTY_BODY = YES;
				CLANG_WARN_ENUM_CONVERSION = YES;
				CLANG_WARN_INT_CONVERSION = YES;
				CLANG_WARN_OBJC_ROOT_CLASS = YES_ERROR;
				CLANG_WARN__DUPLICATE_METHOD_MATCH = YES;
				"CODE_SIGN_IDENTITY[sdk=iphoneos*]" = "iPhone Developer";
				COPY_PHASE_STRIP = YES;
				ENABLE_NS_ASSERTIONS = NO;
				GCC_C_LANGUAGE_STANDARD = gnu99;
				GCC_WARN_64_TO_32_BIT_CONVERSION = YES;
				GCC_WARN_ABOUT_RETURN_TYPE = YES_ERROR;
				GCC_WARN_UNDECLARED_SELECTOR = YES;
				GCC_WARN_UNINITIALIZED_AUTOS = YES_AGGRESSIVE;
				GCC_WARN_UNUSED_FUNCTION = YES;
				GCC_WARN_UNUSED_VARIABLE = YES;
				IPHONEOS_DEPLOYMENT_TARGET = 7.1;
				SDKROOT = iphoneos;
				VALIDATE_PRODUCT = YES;
			};
			name = Release;
		};
		BF56969019832DC5008B6072 /* Debug */ = {
			isa = XCBuildConfiguration;
			buildSettings = {
				ASSETCATALOG_COMPILER_APPICON_NAME = AppIcon;
				ASSETCATALOG_COMPILER_LAUNCHIMAGE_NAME = LaunchImage;
				GCC_PRECOMPILE_PREFIX_HEADER = YES;
				GCC_PREFIX_HEADER = "Big_Picture/Big_Picture-Prefix.pch";
				INFOPLIST_FILE = "Big_Picture/Big_Picture-Info.plist";
				PRODUCT_NAME = "$(TARGET_NAME)";
				WRAPPER_EXTENSION = app;
			};
			name = Debug;
		};
		BF56969119832DC5008B6072 /* Release */ = {
			isa = XCBuildConfiguration;
			buildSettings = {
				ASSETCATALOG_COMPILER_APPICON_NAME = AppIcon;
				ASSETCATALOG_COMPILER_LAUNCHIMAGE_NAME = LaunchImage;
				GCC_PRECOMPILE_PREFIX_HEADER = YES;
				GCC_PREFIX_HEADER = "Big_Picture/Big_Picture-Prefix.pch";
				INFOPLIST_FILE = "Big_Picture/Big_Picture-Info.plist";
				PRODUCT_NAME = "$(TARGET_NAME)";
				WRAPPER_EXTENSION = app;
			};
			name = Release;
		};
/* End XCBuildConfiguration section */

/* Begin XCConfigurationList section */
		BF56965819832DC5008B6072 /* Build configuration list for PBXProject "Big_Picture" */ = {
			isa = XCConfigurationList;
			buildConfigurations = (
				BF56968D19832DC5008B6072 /* Debug */,
				BF56968E19832DC5008B6072 /* Release */,
			);
			defaultConfigurationIsVisible = 0;
			defaultConfigurationName = Release;
		};
		BF56968F19832DC5008B6072 /* Build configuration list for PBXNativeTarget "Big_Picture" */ = {
			isa = XCConfigurationList;
			buildConfigurations = (
				BF56969019832DC5008B6072 /* Debug */,
				BF56969119832DC5008B6072 /* Release */,
			);
			defaultConfigurationIsVisible = 0;
			defaultConfigurationName = Release;
		};
/* End XCConfigurationList section */
	};
	rootObject = BF56965519832DC5008B6072 /* Project object */;
}
